// !$*UTF8*$!
{
	archiveVersion = 1;
	classes = {
	};
	objectVersion = 50;
	objects = {

/* Begin PBXBuildFile section */
		351E30ED2354ABD3008A93A4 /* main.cpp in Sources */ = {isa = PBXBuildFile; fileRef = 351E30EC2354ABD3008A93A4 /* main.cpp */; };
/* End PBXBuildFile section */

/* Begin PBXCopyFilesBuildPhase section */
		351E30E72354ABD3008A93A4 /* CopyFiles */ = {
			isa = PBXCopyFilesBuildPhase;
			buildActionMask = 2147483647;
			dstPath = /usr/share/man/man1/;
			dstSubfolderSpec = 0;
			files = (
			);
			runOnlyForDeploymentPostprocessing = 1;
		};
/* End PBXCopyFilesBuildPhase section */

/* Begin PBXFileReference section */
		351E30E92354ABD3008A93A4 /* fractal */ = {isa = PBXFileReference; explicitFileType = "compiled.mach-o.executable"; includeInIndex = 0; path = fractal; sourceTree = BUILT_PRODUCTS_DIR; };
		351E30EC2354ABD3008A93A4 /* main.cpp */ = {isa = PBXFileReference; lastKnownFileType = sourcecode.cpp.cpp; path = main.cpp; sourceTree = "<group>"; };
		351E30F62354B1FD008A93A4 /* distributed_generator.h */ = {isa = PBXFileReference; lastKnownFileType = sourcecode.c.h; path = distributed_generator.h; sourceTree = "<group>"; };
		351E30F72354B217008A93A4 /* fractal_view.h */ = {isa = PBXFileReference; lastKnownFileType = sourcecode.c.h; path = fractal_view.h; sourceTree = "<group>"; };
		351E30F82354B223008A93A4 /* mandlebrot_function.h */ = {isa = PBXFileReference; lastKnownFileType = sourcecode.c.h; path = mandlebrot_function.h; sourceTree = "<group>"; };
		351E30FB2354D702008A93A4 /* ppm_stream.h */ = {isa = PBXFileReference; lastKnownFileType = sourcecode.c.h; path = ppm_stream.h; sourceTree = "<group>"; };
		351E30FD23577626008A93A4 /* julia_function.h */ = {isa = PBXFileReference; lastKnownFileType = sourcecode.c.h; path = julia_function.h; sourceTree = "<group>"; };
		354D3FBC236758B30020C886 /* messages.h */ = {isa = PBXFileReference; lastKnownFileType = sourcecode.c.h; path = messages.h; sourceTree = "<group>"; };
		354D3FBD236769710020C886 /* task_parameters.h */ = {isa = PBXFileReference; lastKnownFileType = sourcecode.c.h; path = task_parameters.h; sourceTree = "<group>"; };
/* End PBXFileReference section */

/* Begin PBXFrameworksBuildPhase section */
		351E30E62354ABD3008A93A4 /* Frameworks */ = {
			isa = PBXFrameworksBuildPhase;
			buildActionMask = 2147483647;
			files = (
			);
			runOnlyForDeploymentPostprocessing = 0;
		};
/* End PBXFrameworksBuildPhase section */

/* Begin PBXGroup section */
		351E30E02354ABD3008A93A4 = {
			isa = PBXGroup;
			children = (
				351E30EB2354ABD3008A93A4 /* fractal */,
				351E30EA2354ABD3008A93A4 /* Products */,
			);
			sourceTree = "<group>";
		};
		351E30EA2354ABD3008A93A4 /* Products */ = {
			isa = PBXGroup;
			children = (
				351E30E92354ABD3008A93A4 /* fractal */,
			);
			name = Products;
			sourceTree = "<group>";
		};
		351E30EB2354ABD3008A93A4 /* fractal */ = {
			isa = PBXGroup;
			children = (
				351E30FF2358D84F008A93A4 /* src */,
				351E30FE2358D842008A93A4 /* include */,
			);
			path = fractal;
			sourceTree = "<group>";
		};
		351E30FE2358D842008A93A4 /* include */ = {
			isa = PBXGroup;
			children = (
				351E31002358D8B2008A93A4 /* fractal */,
			);
			path = include;
			sourceTree = "<group>";
		};
		351E30FF2358D84F008A93A4 /* src */ = {
			isa = PBXGroup;
			children = (
				351E30EC2354ABD3008A93A4 /* main.cpp */,
			);
			path = src;
			sourceTree = "<group>";
		};
		351E31002358D8B2008A93A4 /* fractal */ = {
			isa = PBXGroup;
			children = (
				351E30F82354B223008A93A4 /* mandlebrot_function.h */,
				351E30F62354B1FD008A93A4 /* distributed_generator.h */,
				351E30F72354B217008A93A4 /* fractal_view.h */,
				351E30FB2354D702008A93A4 /* ppm_stream.h */,
				351E30FD23577626008A93A4 /* julia_function.h */,
				354D3FBC236758B30020C886 /* messages.h */,
				354D3FBD236769710020C886 /* task_parameters.h */,
			);
			path = fractal;
			sourceTree = "<group>";
		};
/* End PBXGroup section */

/* Begin PBXNativeTarget section */
		351E30E82354ABD3008A93A4 /* fractal */ = {
			isa = PBXNativeTarget;
			buildConfigurationList = 351E30F02354ABD3008A93A4 /* Build configuration list for PBXNativeTarget "fractal" */;
			buildPhases = (
				351E30E52354ABD3008A93A4 /* Sources */,
				351E30E62354ABD3008A93A4 /* Frameworks */,
				351E30E72354ABD3008A93A4 /* CopyFiles */,
			);
			buildRules = (
			);
			dependencies = (
			);
			name = fractal;
			productName = fractal;
			productReference = 351E30E92354ABD3008A93A4 /* fractal */;
			productType = "com.apple.product-type.tool";
		};
/* End PBXNativeTarget section */

/* Begin PBXProject section */
		351E30E12354ABD3008A93A4 /* Project object */ = {
			isa = PBXProject;
			attributes = {
				LastUpgradeCheck = 1100;
				ORGANIZATIONNAME = "Banks, Timothy";
				TargetAttributes = {
					351E30E82354ABD3008A93A4 = {
						CreatedOnToolsVersion = 11.0;
					};
				};
			};
			buildConfigurationList = 351E30E42354ABD3008A93A4 /* Build configuration list for PBXProject "fractal" */;
			compatibilityVersion = "Xcode 9.3";
			developmentRegion = en;
			hasScannedForEncodings = 0;
			knownRegions = (
				en,
				Base,
			);
			mainGroup = 351E30E02354ABD3008A93A4;
			productRefGroup = 351E30EA2354ABD3008A93A4 /* Products */;
			projectDirPath = "";
			projectRoot = "";
			targets = (
				351E30E82354ABD3008A93A4 /* fractal */,
			);
		};
/* End PBXProject section */

/* Begin PBXSourcesBuildPhase section */
		351E30E52354ABD3008A93A4 /* Sources */ = {
			isa = PBXSourcesBuildPhase;
			buildActionMask = 2147483647;
			files = (
				351E30ED2354ABD3008A93A4 /* main.cpp in Sources */,
			);
			runOnlyForDeploymentPostprocessing = 0;
		};
/* End PBXSourcesBuildPhase section */

/* Begin XCBuildConfiguration section */
		351E30EE2354ABD3008A93A4 /* Debug */ = {
			isa = XCBuildConfiguration;
			buildSettings = {
				ALWAYS_SEARCH_USER_PATHS = NO;
				CLANG_ANALYZER_NONNULL = YES;
				CLANG_ANALYZER_NUMBER_OBJECT_CONVERSION = YES_AGGRESSIVE;
				CLANG_CXX_LANGUAGE_STANDARD = "gnu++14";
				CLANG_CXX_LIBRARY = "libc++";
				CLANG_ENABLE_MODULES = YES;
				CLANG_ENABLE_OBJC_ARC = YES;
				CLANG_ENABLE_OBJC_WEAK = YES;
				CLANG_WARN_BLOCK_CAPTURE_AUTORELEASING = YES;
				CLANG_WARN_BOOL_CONVERSION = YES;
				CLANG_WARN_COMMA = YES;
				CLANG_WARN_CONSTANT_CONVERSION = YES;
				CLANG_WARN_DEPRECATED_OBJC_IMPLEMENTATIONS = YES;
				CLANG_WARN_DIRECT_OBJC_ISA_USAGE = YES_ERROR;
				CLANG_WARN_DOCUMENTATION_COMMENTS = YES;
				CLANG_WARN_EMPTY_BODY = YES;
				CLANG_WARN_ENUM_CONVERSION = YES;
				CLANG_WARN_INFINITE_RECURSION = YES;
				CLANG_WARN_INT_CONVERSION = YES;
				CLANG_WARN_NON_LITERAL_NULL_CONVERSION = YES;
				CLANG_WARN_OBJC_IMPLICIT_RETAIN_SELF = YES;
				CLANG_WARN_OBJC_LITERAL_CONVERSION = YES;
				CLANG_WARN_OBJC_ROOT_CLASS = YES_ERROR;
				CLANG_WARN_RANGE_LOOP_ANALYSIS = YES;
				CLANG_WARN_STRICT_PROTOTYPES = YES;
				CLANG_WARN_SUSPICIOUS_MOVE = YES;
				CLANG_WARN_UNGUARDED_AVAILABILITY = YES_AGGRESSIVE;
				CLANG_WARN_UNREACHABLE_CODE = YES;
				CLANG_WARN__DUPLICATE_METHOD_MATCH = YES;
				COPY_PHASE_STRIP = NO;
				DEBUG_INFORMATION_FORMAT = dwarf;
				ENABLE_STRICT_OBJC_MSGSEND = YES;
				ENABLE_TESTABILITY = YES;
				GCC_C_LANGUAGE_STANDARD = gnu11;
				GCC_DYNAMIC_NO_PIC = NO;
				GCC_NO_COMMON_BLOCKS = YES;
				GCC_OPTIMIZATION_LEVEL = 0;
				GCC_PREPROCESSOR_DEFINITIONS = (
					"DEBUG=1",
					"$(inherited)",
				);
				GCC_WARN_64_TO_32_BIT_CONVERSION = YES;
				GCC_WARN_ABOUT_RETURN_TYPE = YES_ERROR;
				GCC_WARN_UNDECLARED_SELECTOR = YES;
				GCC_WARN_UNINITIALIZED_AUTOS = YES_AGGRESSIVE;
				GCC_WARN_UNUSED_FUNCTION = YES;
				GCC_WARN_UNUSED_VARIABLE = YES;
				MACOSX_DEPLOYMENT_TARGET = 10.14;
				MTL_ENABLE_DEBUG_INFO = INCLUDE_SOURCE;
				MTL_FAST_MATH = YES;
				ONLY_ACTIVE_ARCH = YES;
				SDKROOT = macosx;
			};
			name = Debug;
		};
		351E30EF2354ABD3008A93A4 /* Release */ = {
			isa = XCBuildConfiguration;
			buildSettings = {
				ALWAYS_SEARCH_USER_PATHS = NO;
				CLANG_ANALYZER_NONNULL = YES;
				CLANG_ANALYZER_NUMBER_OBJECT_CONVERSION = YES_AGGRESSIVE;
				CLANG_CXX_LANGUAGE_STANDARD = "gnu++14";
				CLANG_CXX_LIBRARY = "libc++";
				CLANG_ENABLE_MODULES = YES;
				CLANG_ENABLE_OBJC_ARC = YES;
				CLANG_ENABLE_OBJC_WEAK = YES;
				CLANG_WARN_BLOCK_CAPTURE_AUTORELEASING = YES;
				CLANG_WARN_BOOL_CONVERSION = YES;
				CLANG_WARN_COMMA = YES;
				CLANG_WARN_CONSTANT_CONVERSION = YES;
				CLANG_WARN_DEPRECATED_OBJC_IMPLEMENTATIONS = YES;
				CLANG_WARN_DIRECT_OBJC_ISA_USAGE = YES_ERROR;
				CLANG_WARN_DOCUMENTATION_COMMENTS = YES;
				CLANG_WARN_EMPTY_BODY = YES;
				CLANG_WARN_ENUM_CONVERSION = YES;
				CLANG_WARN_INFINITE_RECURSION = YES;
				CLANG_WARN_INT_CONVERSION = YES;
				CLANG_WARN_NON_LITERAL_NULL_CONVERSION = YES;
				CLANG_WARN_OBJC_IMPLICIT_RETAIN_SELF = YES;
				CLANG_WARN_OBJC_LITERAL_CONVERSION = YES;
				CLANG_WARN_OBJC_ROOT_CLASS = YES_ERROR;
				CLANG_WARN_RANGE_LOOP_ANALYSIS = YES;
				CLANG_WARN_STRICT_PROTOTYPES = YES;
				CLANG_WARN_SUSPICIOUS_MOVE = YES;
				CLANG_WARN_UNGUARDED_AVAILABILITY = YES_AGGRESSIVE;
				CLANG_WARN_UNREACHABLE_CODE = YES;
				CLANG_WARN__DUPLICATE_METHOD_MATCH = YES;
				COPY_PHASE_STRIP = NO;
				DEBUG_INFORMATION_FORMAT = "dwarf-with-dsym";
				ENABLE_NS_ASSERTIONS = NO;
				ENABLE_STRICT_OBJC_MSGSEND = YES;
				GCC_C_LANGUAGE_STANDARD = gnu11;
				GCC_NO_COMMON_BLOCKS = YES;
				GCC_WARN_64_TO_32_BIT_CONVERSION = YES;
				GCC_WARN_ABOUT_RETURN_TYPE = YES_ERROR;
				GCC_WARN_UNDECLARED_SELECTOR = YES;
				GCC_WARN_UNINITIALIZED_AUTOS = YES_AGGRESSIVE;
				GCC_WARN_UNUSED_FUNCTION = YES;
				GCC_WARN_UNUSED_VARIABLE = YES;
				MACOSX_DEPLOYMENT_TARGET = 10.14;
				MTL_ENABLE_DEBUG_INFO = NO;
				MTL_FAST_MATH = YES;
				SDKROOT = macosx;
			};
			name = Release;
		};
		351E30F12354ABD3008A93A4 /* Debug */ = {
			isa = XCBuildConfiguration;
			buildSettings = {
				CLANG_CXX_LANGUAGE_STANDARD = "c++17";
				CODE_SIGN_STYLE = Automatic;
				HEADER_SEARCH_PATHS = (
					.,
					/Users/banksti/Documents/projects/fractal/fractal/include,
					/Users/banksti/Documents/projects/fractal/fractal/,
				);
				PRODUCT_NAME = "$(TARGET_NAME)";
			};
			name = Debug;
		};
		351E30F22354ABD3008A93A4 /* Release */ = {
			isa = XCBuildConfiguration;
			buildSettings = {
				CLANG_CXX_LANGUAGE_STANDARD = "c++17";
				CODE_SIGN_STYLE = Automatic;
				HEADER_SEARCH_PATHS = (
					.,
					/Users/banksti/Documents/projects/fractal/fractal/include,
					/Users/banksti/Documents/projects/fractal/fractal/,
				);
				PRODUCT_NAME = "$(TARGET_NAME)";
			};
			name = Release;
		};
/* End XCBuildConfiguration section */

/* Begin XCConfigurationList section */
		351E30E42354ABD3008A93A4 /* Build configuration list for PBXProject "fractal" */ = {
			isa = XCConfigurationList;
			buildConfigurations = (
				351E30EE2354ABD3008A93A4 /* Debug */,
				351E30EF2354ABD3008A93A4 /* Release */,
			);
			defaultConfigurationIsVisible = 0;
			defaultConfigurationName = Release;
		};
		351E30F02354ABD3008A93A4 /* Build configuration list for PBXNativeTarget "fractal" */ = {
			isa = XCConfigurationList;
			buildConfigurations = (
				351E30F12354ABD3008A93A4 /* Debug */,
				351E30F22354ABD3008A93A4 /* Release */,
			);
			defaultConfigurationIsVisible = 0;
			defaultConfigurationName = Release;
		};
/* End XCConfigurationList section */
	};
	rootObject = 351E30E12354ABD3008A93A4 /* Project object */;
}
